<?xml version="1.0" encoding="utf-8"?>
<Project ToolsVersion="4.0" xmlns="http://schemas.microsoft.com/developer/msbuild/2003">
  <ItemGroup>
    <Filter Include="Source Files">
      <UniqueIdentifier>{4FC737F1-C7A5-4376-A066-2A32D752A2FF}</UniqueIdentifier>
      <Extensions>qml;cpp;c;cc;cxx;def;odl;idl;hpj;bat;asm;asmx</Extensions>
    </Filter>
    <Filter Include="Header Files">
      <UniqueIdentifier>{93995380-89BD-4b04-88EB-625FBE52EBFB}</UniqueIdentifier>
      <Extensions>h;hh;hpp;hxx;hm;inl;inc;xsd</Extensions>
    </Filter>
    <Filter Include="Resource Files">
      <UniqueIdentifier>{67DA6AB6-F800-4c08-8B7A-83BB121AAD01}</UniqueIdentifier>
      <Extensions>qrc;rc;ico;cur;bmp;dlg;rc2;rct;bin;rgs;gif;jpg;jpeg;jpe;resx;tiff;tif;png;wav;mfcribbon-ms</Extensions>
    </Filter>
    <Filter Include="Form Files">
      <UniqueIdentifier>{99349809-55BA-4b9d-BF79-8FDBB0286EB3}</UniqueIdentifier>
      <Extensions>ui</Extensions>
    </Filter>
    <Filter Include="Translation Files">
      <UniqueIdentifier>{639EADAA-A684-42e4-A9AD-28FC9BCB8F7C}</UniqueIdentifier>
      <Extensions>ts</Extensions>
    </Filter>
    <Filter Include="Header Files\DIC">
      <UniqueIdentifier>{2bbf08a4-9580-46de-80ac-236a0bbdeed5}</UniqueIdentifier>
    </Filter>
    <Filter Include="Header Files\Interpolation">
      <UniqueIdentifier>{88fccb9b-681e-43fe-bbd7-012a331f9a01}</UniqueIdentifier>
    </Filter>
    <Filter Include="Source Files\DIC">
      <UniqueIdentifier>{bb745fd7-3d60-4bb0-8a1e-79bc683ed318}</UniqueIdentifier>
    </Filter>
    <Filter Include="Source Files\Interpolation">
      <UniqueIdentifier>{8006e6ab-9033-4a14-a01a-7e81cee6f043}</UniqueIdentifier>
    </Filter>
  </ItemGroup>
  <ItemGroup>
    <ClCompile Include="main.cpp">
      <Filter>Source Files</Filter>
    </ClCompile>
    <ClCompile Include="Interpolation\BisepticBSplineInterpolator.cpp">
      <Filter>Source Files\Interpolation</Filter>
    </ClCompile>
    <ClCompile Include="Interpolation\BicubicMOMSInterpolator.cpp">
      <Filter>Source Files\Interpolation</Filter>
    </ClCompile>
    <ClCompile Include="Interpolation\BiquinticBSplineInterpolatror.cpp">
      <Filter>Source Files\Interpolation</Filter>
    </ClCompile>
    <ClCompile Include="DIC\DICAlgorithm.cpp">
      <Filter>Source Files\DIC</Filter>
    </ClCompile>
    <ClCompile Include="DIC\DICOutput.cpp">
      <Filter>Source Files\DIC</Filter>
    </ClCompile>
    <ClCompile Include="DIC\DICParameters.cpp">
      <Filter>Source Files\DIC</Filter>
    </ClCompile>
    <ClCompile Include="Interpolation\Interpolator.cpp">
      <Filter>Source Files\Interpolation</Filter>
    </ClCompile>
    <ClCompile Include="Test.cpp">
      <Filter>Source Files</Filter>
    </ClCompile>
  </ItemGroup>
  <ItemGroup>
    <ClInclude Include="Interpolation\BisepticBSplineInterpolator.h">
      <Filter>Header Files\Interpolation</Filter>
    </ClInclude>
    <ClInclude Include="Interpolation\BicubicMOMSInterpolator.h">
      <Filter>Header Files\Interpolation</Filter>
    </ClInclude>
    <ClInclude Include="Interpolation\BiquinticBSplineInterpolatror.h">
      <Filter>Header Files\Interpolation</Filter>
    </ClInclude>
    <ClInclude Include="DIC\DICAlgorithm.h">
      <Filter>Header Files\DIC</Filter>
    </ClInclude>
    <ClInclude Include="DIC\DICOutput.h">
      <Filter>Header Files\DIC</Filter>
    </ClInclude>
    <ClInclude Include="DIC\DICParameters.h">
      <Filter>Header Files\DIC</Filter>
    </ClInclude>
    <ClInclude Include="Interpolation\Interpolator.h">
      <Filter>Header Files\Interpolation</Filter>
    </ClInclude>
    <ClInclude Include="Test.h">
      <Filter>Header Files</Filter>
    </ClInclude>
  </ItemGroup>
</Project>